
Microsoft Visual Studio Solution File, Format Version 12.00
# Visual Studio Version 17
VisualStudioVersion = 17.13.35919.96 d17.13
MinimumVisualStudioVersion = 10.0.40219.1
Project("{FAE04EC0-301F-11D3-BF4B-00C04F79EFBC}") = "ex02", "ex02\ex02.csproj", "{9BC9D523-545E-4C52-92FD-C1F27ED81C18}"
EndProject
Global
	GlobalSection(SolutionConfigurationPlatforms) = preSolution
		Debug|Any CPU = Debug|Any CPU
		Release|Any CPU = Release|Any CPU
	EndGlobalSection
	GlobalSection(ProjectConfigurationPlatforms) = postSolution
		{9BC9D523-545E-4C52-92FD-C1F27ED81C18}.Debug|Any CPU.ActiveCfg = Debug|Any CPU
		{9BC9D523-545E-4C52-92FD-C1F27ED81C18}.Debug|Any CPU.Build.0 = Debug|Any CPU
		{9BC9D523-545E-4C52-92FD-C1F27ED81C18}.Release|Any CPU.ActiveCfg = Release|Any CPU
		{9BC9D523-545E-4C52-92FD-C1F27ED81C18}.Release|Any CPU.Build.0 = Release|Any CPU
	EndGlobalSection
	GlobalSection(SolutionProperties) = preSolution
		HideSolutionNode = FALSE
	EndGlobalSection
	GlobalSection(ExtensibilityGlobals) = postSolution
		SolutionGuid = {6CFEF2AF-12E3-411E-A624-05276ACED754}
	EndGlobalSection
EndGlobal
