
Microsoft Visual Studio Solution File, Format Version 12.00
# Visual Studio Version 17
VisualStudioVersion = 17.13.35931.197 d17.13
MinimumVisualStudioVersion = 10.0.40219.1
Project("{FAE04EC0-301F-11D3-BF4B-00C04F79EFBC}") = "Condicionais", "Condicionais\Condicionais.csproj", "{B840C9BD-F4A3-4BB7-B71B-16045D367BBB}"
EndProject
Project("{FAE04EC0-301F-11D3-BF4B-00C04F79EFBC}") = "VariavelBooleana", "VariavelBooleana\VariavelBooleana.csproj", "{99680026-0964-4EA4-AE77-1C5224241E80}"
EndProject
Project("{FAE04EC0-301F-11D3-BF4B-00C04F79EFBC}") = "Escopo", "Escopo\Escopo.csproj", "{7591C885-7590-4F18-B4B2-26217A117BDF}"
EndProject
Global
	GlobalSection(SolutionConfigurationPlatforms) = preSolution
		Debug|Any CPU = Debug|Any CPU
		Release|Any CPU = Release|Any CPU
	EndGlobalSection
	GlobalSection(ProjectConfigurationPlatforms) = postSolution
		{B840C9BD-F4A3-4BB7-B71B-16045D367BBB}.Debug|Any CPU.ActiveCfg = Debug|Any CPU
		{B840C9BD-F4A3-4BB7-B71B-16045D367BBB}.Debug|Any CPU.Build.0 = Debug|Any CPU
		{B840C9BD-F4A3-4BB7-B71B-16045D367BBB}.Release|Any CPU.ActiveCfg = Release|Any CPU
		{B840C9BD-F4A3-4BB7-B71B-16045D367BBB}.Release|Any CPU.Build.0 = Release|Any CPU
		{99680026-0964-4EA4-AE77-1C5224241E80}.Debug|Any CPU.ActiveCfg = Debug|Any CPU
		{99680026-0964-4EA4-AE77-1C5224241E80}.Debug|Any CPU.Build.0 = Debug|Any CPU
		{99680026-0964-4EA4-AE77-1C5224241E80}.Release|Any CPU.ActiveCfg = Release|Any CPU
		{99680026-0964-4EA4-AE77-1C5224241E80}.Release|Any CPU.Build.0 = Release|Any CPU
		{7591C885-7590-4F18-B4B2-26217A117BDF}.Debug|Any CPU.ActiveCfg = Debug|Any CPU
		{7591C885-7590-4F18-B4B2-26217A117BDF}.Debug|Any CPU.Build.0 = Debug|Any CPU
		{7591C885-7590-4F18-B4B2-26217A117BDF}.Release|Any CPU.ActiveCfg = Release|Any CPU
		{7591C885-7590-4F18-B4B2-26217A117BDF}.Release|Any CPU.Build.0 = Release|Any CPU
	EndGlobalSection
	GlobalSection(SolutionProperties) = preSolution
		HideSolutionNode = FALSE
	EndGlobalSection
	GlobalSection(ExtensibilityGlobals) = postSolution
		SolutionGuid = {FDBC3FFB-3317-4519-84E7-E6CDA31DED3E}
	EndGlobalSection
EndGlobal
